{
  "name": "grubba-rpc",
  "version": "0.13.3",
  "lockfileVersion": 2,
  "requires": true,
  "packages": {
    "": {
      "name": "grubba-rpc",
      "version": "0.13.3",
      "license": "MIT",
      "dependencies": {
        "@tanstack/react-query": "^5.61.0",
        "lodash.isequal": "4.5.0",
        "lodash.remove": "4.7.0",
        "react": "^18.2.0",
        "react-dom": "^18.2.0"
      },
      "devDependencies": {
        "@types/lodash.isequal": "^4.5.8",
        "@types/lodash.remove": "^4.7.9",
        "typescript": "^4.7.4",
        "zod": "^3.18.0"
      }
    },
    "node_modules/@tanstack/query-core": {
      "version": "5.62.0",
      "resolved": "https://registry.npmjs.org/@tanstack/query-core/-/query-core-5.62.0.tgz",
      "integrity": "sha512-sx38bGrqF9bop92AXOvzDr0L9fWDas5zXdPglxa9cuqeVSWS7lY6OnVyl/oodfXjgOGRk79IfCpgVmxrbHuFHg==",
      "funding": {
        "type": "github",
        "url": "https://github.com/sponsors/tannerlinsley"
      }
    },
    "node_modules/@tanstack/react-query": {
      "version": "5.62.0",
      "resolved": "https://registry.npmjs.org/@tanstack/react-query/-/react-query-5.62.0.tgz",
      "integrity": "sha512-tj2ltjAn2a3fs+Dqonlvs6GyLQ/LKVJE2DVSYW+8pJ3P6/VCVGrfqv5UEchmlP7tLOvvtZcOuSyI2ooVlR5Yqw==",
      "dependencies": {
        "@tanstack/query-core": "5.62.0"
      },
      "funding": {
        "type": "github",
        "url": "https://github.com/sponsors/tannerlinsley"
      },
      "peerDependencies": {
        "react": "^18 || ^19"
      }
    },
    "node_modules/@types/lodash": {
      "version": "4.14.202",
      "resolved": "https://registry.npmjs.org/@types/lodash/-/lodash-4.14.202.tgz",
      "integrity": "sha512-OvlIYQK9tNneDlS0VN54LLd5uiPCBOp7gS5Z0f1mjoJYBrtStzgmJBxONW3U6OZqdtNzZPmn9BS/7WI7BFFcFQ==",
      "dev": true
    },
    "node_modules/@types/lodash.isequal": {
      "version": "4.5.8",
      "resolved": "https://registry.npmjs.org/@types/lodash.isequal/-/lodash.isequal-4.5.8.tgz",
      "integrity": "sha512-uput6pg4E/tj2LGxCZo9+y27JNyB2OZuuI/T5F+ylVDYuqICLG2/ktjxx0v6GvVntAf8TvEzeQLcV0ffRirXuA==",
      "dev": true,
      "dependencies": {
        "@types/lodash": "*"
      }
    },
    "node_modules/@types/lodash.remove": {
      "version": "4.7.9",
      "resolved": "https://registry.npmjs.org/@types/lodash.remove/-/lodash.remove-4.7.9.tgz",
      "integrity": "sha512-XmhQAGBgjDwQ4qX3/2bzukBJzS35Xk+FoggEHCHoAemvefm1AnSq+4PjxrZSTmxrly8I4WAqViTY8i1Cn7K83w==",
      "dev": true,
      "dependencies": {
        "@types/lodash": "*"
      }
    },
    "node_modules/js-tokens": {
      "version": "4.0.0",
      "resolved": "https://registry.npmjs.org/js-tokens/-/js-tokens-4.0.0.tgz",
      "integrity": "sha512-RdJUflcE3cUzKiMqQgsCu06FPu9UdIJO0beYbPhHN4k6apgJtifcoCtT9bcxOpYBtpD2kCM6Sbzg4CausW/PKQ=="
    },
    "node_modules/lodash.isequal": {
      "version": "4.5.0",
      "resolved": "https://registry.npmjs.org/lodash.isequal/-/lodash.isequal-4.5.0.tgz",
      "integrity": "sha512-pDo3lu8Jhfjqls6GkMgpahsF9kCyayhgykjyLMNFTKWrpVdAQtYyB4muAMWozBB4ig/dtWAmsMxLEI8wuz+DYQ=="
    },
    "node_modules/lodash.remove": {
      "version": "4.7.0",
      "resolved": "https://registry.npmjs.org/lodash.remove/-/lodash.remove-4.7.0.tgz",
      "integrity": "sha512-GnwkSsEXGXirSxh3YI+jc/qvptE2DV8ZjA4liK0NT1MJ3mNDMFhX3bY+4Wr8onlNItYuPp7/4u19Fi55mvzkTw=="
    },
    "node_modules/loose-envify": {
      "version": "1.4.0",
      "resolved": "https://registry.npmjs.org/loose-envify/-/loose-envify-1.4.0.tgz",
      "integrity": "sha512-lyuxPGr/Wfhrlem2CL/UcnUc1zcqKAImBDzukY7Y5F/yQiNdko6+fRLevlw1HgMySw7f611UIY408EtxRSoK3Q==",
      "dependencies": {
        "js-tokens": "^3.0.0 || ^4.0.0"
      },
      "bin": {
        "loose-envify": "cli.js"
      }
    },
    "node_modules/react": {
      "version": "18.2.0",
      "resolved": "https://registry.npmjs.org/react/-/react-18.2.0.tgz",
      "integrity": "sha512-/3IjMdb2L9QbBdWiW5e3P2/npwMBaU9mHCSCUzNln0ZCYbcfTsGbTJrU/kGemdH2IWmB2ioZ+zkxtmq6g09fGQ==",
      "dependencies": {
        "loose-envify": "^1.1.0"
      },
      "engines": {
        "node": ">=0.10.0"
      }
    },
    "node_modules/react-dom": {
      "version": "18.2.0",
      "resolved": "https://registry.npmjs.org/react-dom/-/react-dom-18.2.0.tgz",
      "integrity": "sha512-6IMTriUmvsjHUjNtEDudZfuDQUoWXVxKHhlEGSk81n4YFS+r/Kl99wXiwlVXtPBtJenozv2P+hxDsw9eA7Xo6g==",
      "dependencies": {
        "loose-envify": "^1.1.0",
        "scheduler": "^0.23.0"
      },
      "peerDependencies": {
        "react": "^18.2.0"
      }
    },
    "node_modules/scheduler": {
      "version": "0.23.0",
      "resolved": "https://registry.npmjs.org/scheduler/-/scheduler-0.23.0.tgz",
      "integrity": "sha512-CtuThmgHNg7zIZWAXi3AsyIzA3n4xx7aNyjwC2VJldO2LMVDhFK+63xGqq6CsJH4rTAt6/M+N4GhZiDYPx9eUw==",
      "dependencies": {
        "loose-envify": "^1.1.0"
      }
    },
    "node_modules/typescript": {
      "version": "4.8.3",
      "resolved": "https://registry.npmjs.org/typescript/-/typescript-4.8.3.tgz",
      "integrity": "sha512-goMHfm00nWPa8UvR/CPSvykqf6dVV8x/dp0c5mFTMTIu0u0FlGWRioyy7Nn0PGAdHxpJZnuO/ut+PpQ8UiHAig==",
      "dev": true,
      "bin": {
        "tsc": "bin/tsc",
        "tsserver": "bin/tsserver"
      },
      "engines": {
        "node": ">=4.2.0"
      }
    },
    "node_modules/zod": {
      "version": "3.19.1",
      "resolved": "https://registry.npmjs.org/zod/-/zod-3.19.1.tgz",
      "integrity": "sha512-LYjZsEDhCdYET9ikFu6dVPGp2YH9DegXjdJToSzD9rO6fy4qiRYFoyEYwps88OseJlPyl2NOe2iJuhEhL7IpEA==",
      "dev": true,
      "funding": {
        "url": "https://github.com/sponsors/colinhacks"
      }
    }
  },
  "dependencies": {
    "@tanstack/query-core": {
      "version": "5.62.0",
      "resolved": "https://registry.npmjs.org/@tanstack/query-core/-/query-core-5.62.0.tgz",
      "integrity": "sha512-sx38bGrqF9bop92AXOvzDr0L9fWDas5zXdPglxa9cuqeVSWS7lY6OnVyl/oodfXjgOGRk79IfCpgVmxrbHuFHg=="
    },
    "@tanstack/react-query": {
      "version": "5.62.0",
      "resolved": "https://registry.npmjs.org/@tanstack/react-query/-/react-query-5.62.0.tgz",
      "integrity": "sha512-tj2ltjAn2a3fs+Dqonlvs6GyLQ/LKVJE2DVSYW+8pJ3P6/VCVGrfqv5UEchmlP7tLOvvtZcOuSyI2ooVlR5Yqw==",
      "requires": {
        "@tanstack/query-core": "5.62.0"
      }
    },
    "@types/lodash": {
      "version": "4.14.202",
      "resolved": "https://registry.npmjs.org/@types/lodash/-/lodash-4.14.202.tgz",
      "integrity": "sha512-OvlIYQK9tNneDlS0VN54LLd5uiPCBOp7gS5Z0f1mjoJYBrtStzgmJBxONW3U6OZqdtNzZPmn9BS/7WI7BFFcFQ==",
      "dev": true
    },
    "@types/lodash.isequal": {
      "version": "4.5.8",
      "resolved": "https://registry.npmjs.org/@types/lodash.isequal/-/lodash.isequal-4.5.8.tgz",
      "integrity": "sha512-uput6pg4E/tj2LGxCZo9+y27JNyB2OZuuI/T5F+ylVDYuqICLG2/ktjxx0v6GvVntAf8TvEzeQLcV0ffRirXuA==",
      "dev": true,
      "requires": {
        "@types/lodash": "*"
      }
    },
    "@types/lodash.remove": {
      "version": "4.7.9",
      "resolved": "https://registry.npmjs.org/@types/lodash.remove/-/lodash.remove-4.7.9.tgz",
      "integrity": "sha512-XmhQAGBgjDwQ4qX3/2bzukBJzS35Xk+FoggEHCHoAemvefm1AnSq+4PjxrZSTmxrly8I4WAqViTY8i1Cn7K83w==",
      "dev": true,
      "requires": {
        "@types/lodash": "*"
      }
    },
    "js-tokens": {
      "version": "4.0.0",
      "resolved": "https://registry.npmjs.org/js-tokens/-/js-tokens-4.0.0.tgz",
      "integrity": "sha512-RdJUflcE3cUzKiMqQgsCu06FPu9UdIJO0beYbPhHN4k6apgJtifcoCtT9bcxOpYBtpD2kCM6Sbzg4CausW/PKQ=="
    },
    "lodash.isequal": {
      "version": "4.5.0",
      "resolved": "https://registry.npmjs.org/lodash.isequal/-/lodash.isequal-4.5.0.tgz",
      "integrity": "sha512-pDo3lu8Jhfjqls6GkMgpahsF9kCyayhgykjyLMNFTKWrpVdAQtYyB4muAMWozBB4ig/dtWAmsMxLEI8wuz+DYQ=="
    },
    "lodash.remove": {
      "version": "4.7.0",
      "resolved": "https://registry.npmjs.org/lodash.remove/-/lodash.remove-4.7.0.tgz",
      "integrity": "sha512-GnwkSsEXGXirSxh3YI+jc/qvptE2DV8ZjA4liK0NT1MJ3mNDMFhX3bY+4Wr8onlNItYuPp7/4u19Fi55mvzkTw=="
    },
    "loose-envify": {
      "version": "1.4.0",
      "resolved": "https://registry.npmjs.org/loose-envify/-/loose-envify-1.4.0.tgz",
      "integrity": "sha512-lyuxPGr/Wfhrlem2CL/UcnUc1zcqKAImBDzukY7Y5F/yQiNdko6+fRLevlw1HgMySw7f611UIY408EtxRSoK3Q==",
      "requires": {
        "js-tokens": "^3.0.0 || ^4.0.0"
      }
    },
    "react": {
      "version": "18.2.0",
      "resolved": "https://registry.npmjs.org/react/-/react-18.2.0.tgz",
      "integrity": "sha512-/3IjMdb2L9QbBdWiW5e3P2/npwMBaU9mHCSCUzNln0ZCYbcfTsGbTJrU/kGemdH2IWmB2ioZ+zkxtmq6g09fGQ==",
      "requires": {
        "loose-envify": "^1.1.0"
      }
    },
    "react-dom": {
      "version": "18.2.0",
      "resolved": "https://registry.npmjs.org/react-dom/-/react-dom-18.2.0.tgz",
      "integrity": "sha512-6IMTriUmvsjHUjNtEDudZfuDQUoWXVxKHhlEGSk81n4YFS+r/Kl99wXiwlVXtPBtJenozv2P+hxDsw9eA7Xo6g==",
      "requires": {
        "loose-envify": "^1.1.0",
        "scheduler": "^0.23.0"
      }
    },
    "scheduler": {
      "version": "0.23.0",
      "resolved": "https://registry.npmjs.org/scheduler/-/scheduler-0.23.0.tgz",
      "integrity": "sha512-CtuThmgHNg7zIZWAXi3AsyIzA3n4xx7aNyjwC2VJldO2LMVDhFK+63xGqq6CsJH4rTAt6/M+N4GhZiDYPx9eUw==",
      "requires": {
        "loose-envify": "^1.1.0"
      }
    },
    "typescript": {
      "version": "4.8.3",
      "resolved": "https://registry.npmjs.org/typescript/-/typescript-4.8.3.tgz",
      "integrity": "sha512-goMHfm00nWPa8UvR/CPSvykqf6dVV8x/dp0c5mFTMTIu0u0FlGWRioyy7Nn0PGAdHxpJZnuO/ut+PpQ8UiHAig==",
      "dev": true
    },
    "zod": {
      "version": "3.19.1",
      "resolved": "https://registry.npmjs.org/zod/-/zod-3.19.1.tgz",
      "integrity": "sha512-LYjZsEDhCdYET9ikFu6dVPGp2YH9DegXjdJToSzD9rO6fy4qiRYFoyEYwps88OseJlPyl2NOe2iJuhEhL7IpEA==",
      "dev": true
    }
  }
}
